
Microsoft Visual Studio Solution File, Format Version 12.00
# Visual Studio 14
VisualStudioVersion = 14.0.23107.0
MinimumVisualStudioVersion = 10.0.40219.1
Project("{FAE04EC0-301F-11D3-BF4B-00C04F79EFBC}") = "GPSNavigationSystem.DataEntry", "GPSNavigationSystem.DataEntry\GPSNavigationSystem.DataEntry.csproj", "{C5203A0C-3707-4C03-8035-505DF743ED2C}"
EndProject
Project("{FAE04EC0-301F-11D3-BF4B-00C04F79EFBC}") = "GPSNavigationSystem.WebService", "GPSNavigationSystem.WebService\GPSNavigationSystem.WebService.csproj", "{B22BF32A-D0ED-4DA8-880F-2AB77CDC4DE7}"
EndProject
Project("{FAE04EC0-301F-11D3-BF4B-00C04F79EFBC}") = "GPSNavigationSystem.Domain", "GPSNavigationSystem.Domain\GPSNavigationSystem.Domain.csproj", "{49E3AE19-81A3-4FB0-BCD3-A6AABEE95FCA}"
EndProject
Global
	GlobalSection(SolutionConfigurationPlatforms) = preSolution
		Debug|Any CPU = Debug|Any CPU
		Release|Any CPU = Release|Any CPU
	EndGlobalSection
	GlobalSection(ProjectConfigurationPlatforms) = postSolution
		{C5203A0C-3707-4C03-8035-505DF743ED2C}.Debug|Any CPU.ActiveCfg = Debug|Any CPU
		{C5203A0C-3707-4C03-8035-505DF743ED2C}.Debug|Any CPU.Build.0 = Debug|Any CPU
		{C5203A0C-3707-4C03-8035-505DF743ED2C}.Release|Any CPU.ActiveCfg = Release|Any CPU
		{C5203A0C-3707-4C03-8035-505DF743ED2C}.Release|Any CPU.Build.0 = Release|Any CPU
		{B22BF32A-D0ED-4DA8-880F-2AB77CDC4DE7}.Debug|Any CPU.ActiveCfg = Debug|Any CPU
		{B22BF32A-D0ED-4DA8-880F-2AB77CDC4DE7}.Debug|Any CPU.Build.0 = Debug|Any CPU
		{B22BF32A-D0ED-4DA8-880F-2AB77CDC4DE7}.Release|Any CPU.ActiveCfg = Release|Any CPU
		{B22BF32A-D0ED-4DA8-880F-2AB77CDC4DE7}.Release|Any CPU.Build.0 = Release|Any CPU
		{49E3AE19-81A3-4FB0-BCD3-A6AABEE95FCA}.Debug|Any CPU.ActiveCfg = Debug|Any CPU
		{49E3AE19-81A3-4FB0-BCD3-A6AABEE95FCA}.Debug|Any CPU.Build.0 = Debug|Any CPU
		{49E3AE19-81A3-4FB0-BCD3-A6AABEE95FCA}.Release|Any CPU.ActiveCfg = Release|Any CPU
		{49E3AE19-81A3-4FB0-BCD3-A6AABEE95FCA}.Release|Any CPU.Build.0 = Release|Any CPU
	EndGlobalSection
	GlobalSection(SolutionProperties) = preSolution
		HideSolutionNode = FALSE
	EndGlobalSection
EndGlobal
